
Microsoft Visual Studio Solution File, Format Version 12.00
# Visual Studio Version 17
VisualStudioVersion = 17.0.31903.59
MinimumVisualStudioVersion = 10.0.40219.1
Project("{9A19103F-16F7-4668-BE54-9A1E7A4F7556}") = "PS.FarNet.Redis", "src\PS.FarNet.Redis\PS.FarNet.Redis.csproj", "{5AE1336B-D283-445B-A3BF-D98DCCD1323E}"
EndProject
Project("{9A19103F-16F7-4668-BE54-9A1E7A4F7556}") = "FarNet.Redis", "src\FarNet.Redis\FarNet.Redis.csproj", "{07DB1E3D-08CA-46F3-9AC0-563965F57F06}"
EndProject
Project("{9A19103F-16F7-4668-BE54-9A1E7A4F7556}") = "FarNet.Redis.Tests", "src\FarNet.Redis.Tests\FarNet.Redis.Tests.csproj", "{18955F60-D0D4-45AD-A126-81BDF875A3F6}"
EndProject
Project("{2150E333-8FDC-42A3-9474-1A3956D46DE8}") = "Solution Items", "Solution Items", "{8EC462FD-D22E-90A8-E5CE-7E832BA40C5D}"
	ProjectSection(SolutionItems) = preProject
		src\Content\about_FarNet.Redis.help.txt = src\Content\about_FarNet.Redis.help.txt
		src\Content\FarNet.Redis.psd1 = src\Content\FarNet.Redis.psd1
	EndProjectSection
EndProject
Global
	GlobalSection(SolutionConfigurationPlatforms) = preSolution
		Debug|Any CPU = Debug|Any CPU
		Release|Any CPU = Release|Any CPU
	EndGlobalSection
	GlobalSection(ProjectConfigurationPlatforms) = postSolution
		{5AE1336B-D283-445B-A3BF-D98DCCD1323E}.Debug|Any CPU.ActiveCfg = Debug|Any CPU
		{5AE1336B-D283-445B-A3BF-D98DCCD1323E}.Debug|Any CPU.Build.0 = Debug|Any CPU
		{5AE1336B-D283-445B-A3BF-D98DCCD1323E}.Release|Any CPU.ActiveCfg = Release|Any CPU
		{5AE1336B-D283-445B-A3BF-D98DCCD1323E}.Release|Any CPU.Build.0 = Release|Any CPU
		{07DB1E3D-08CA-46F3-9AC0-563965F57F06}.Debug|Any CPU.ActiveCfg = Debug|Any CPU
		{07DB1E3D-08CA-46F3-9AC0-563965F57F06}.Debug|Any CPU.Build.0 = Debug|Any CPU
		{07DB1E3D-08CA-46F3-9AC0-563965F57F06}.Release|Any CPU.ActiveCfg = Release|Any CPU
		{07DB1E3D-08CA-46F3-9AC0-563965F57F06}.Release|Any CPU.Build.0 = Release|Any CPU
		{18955F60-D0D4-45AD-A126-81BDF875A3F6}.Debug|Any CPU.ActiveCfg = Debug|Any CPU
		{18955F60-D0D4-45AD-A126-81BDF875A3F6}.Debug|Any CPU.Build.0 = Debug|Any CPU
		{18955F60-D0D4-45AD-A126-81BDF875A3F6}.Release|Any CPU.ActiveCfg = Release|Any CPU
		{18955F60-D0D4-45AD-A126-81BDF875A3F6}.Release|Any CPU.Build.0 = Release|Any CPU
	EndGlobalSection
	GlobalSection(SolutionProperties) = preSolution
		HideSolutionNode = FALSE
	EndGlobalSection
	GlobalSection(ExtensibilityGlobals) = postSolution
		SolutionGuid = {94AD100D-CC05-442D-83D8-1694A253C1A8}
	EndGlobalSection
EndGlobal
